
Microsoft Visual Studio Solution File, Format Version 12.00
# Visual Studio Version 17
VisualStudioVersion = 17.11.35303.130
MinimumVisualStudioVersion = 10.0.40219.1
Project("{FAE04EC0-301F-11D3-BF4B-00C04F79EFBC}") = "uc9_MySQL1", "uc9_MySQL1\uc9_MySQL1.csproj", "{FEB6A1D5-374E-451F-8A2A-45BD48F4B1AB}"
EndProject
Global
	GlobalSection(SolutionConfigurationPlatforms) = preSolution
		Debug|Any CPU = Debug|Any CPU
		Release|Any CPU = Release|Any CPU
	EndGlobalSection
	GlobalSection(ProjectConfigurationPlatforms) = postSolution
		{FEB6A1D5-374E-451F-8A2A-45BD48F4B1AB}.Debug|Any CPU.ActiveCfg = Debug|Any CPU
		{FEB6A1D5-374E-451F-8A2A-45BD48F4B1AB}.Debug|Any CPU.Build.0 = Debug|Any CPU
		{FEB6A1D5-374E-451F-8A2A-45BD48F4B1AB}.Release|Any CPU.ActiveCfg = Release|Any CPU
		{FEB6A1D5-374E-451F-8A2A-45BD48F4B1AB}.Release|Any CPU.Build.0 = Release|Any CPU
	EndGlobalSection
	GlobalSection(SolutionProperties) = preSolution
		HideSolutionNode = FALSE
	EndGlobalSection
	GlobalSection(ExtensibilityGlobals) = postSolution
		SolutionGuid = {F93A6F9F-8F19-4754-9CB5-CA4C3DA05D87}
	EndGlobalSection
EndGlobal
